
Microsoft Visual Studio Solution File, Format Version 12.00
# Visual Studio 15
VisualStudioVersion = 15.0.28307.271
MinimumVisualStudioVersion = 10.0.40219.1
Project("{FAE04EC0-301F-11D3-BF4B-00C04F79EFBC}") = "ApiWithMVC", "ApiWithMVC\ApiWithMVC.csproj", "{22831F29-3C7E-4818-B0AB-C9FB74B26E9C}"
EndProject
Global
	GlobalSection(SolutionConfigurationPlatforms) = preSolution
		Debug|Any CPU = Debug|Any CPU
		Release|Any CPU = Release|Any CPU
	EndGlobalSection
	GlobalSection(ProjectConfigurationPlatforms) = postSolution
		{22831F29-3C7E-4818-B0AB-C9FB74B26E9C}.Debug|Any CPU.ActiveCfg = Debug|Any CPU
		{22831F29-3C7E-4818-B0AB-C9FB74B26E9C}.Debug|Any CPU.Build.0 = Debug|Any CPU
		{22831F29-3C7E-4818-B0AB-C9FB74B26E9C}.Release|Any CPU.ActiveCfg = Release|Any CPU
		{22831F29-3C7E-4818-B0AB-C9FB74B26E9C}.Release|Any CPU.Build.0 = Release|Any CPU
	EndGlobalSection
	GlobalSection(SolutionProperties) = preSolution
		HideSolutionNode = FALSE
	EndGlobalSection
	GlobalSection(ExtensibilityGlobals) = postSolution
		SolutionGuid = {9E8AB966-B546-4D7B-AE18-04C630102D16}
	EndGlobalSection
EndGlobal
